// !$*UTF8*$!
{
	archiveVersion = 1;
	classes = {
	};
	objectVersion = 56;
	objects = {

/* Begin PBXBuildFile section */
		835F00B02B07FCB200CDD3DB /* Question.swift in Sources */ = {isa = PBXBuildFile; fileRef = 835F00AF2B07FCB200CDD3DB /* Question.swift */; };
		835F00B42B080CA700CDD3DB /* GoogleService-Info.plist in Resources */ = {isa = PBXBuildFile; fileRef = 835F00B32B080CA700CDD3DB /* GoogleService-Info.plist */; };
		837B88572B06DCB1009E3B4A /* gameViewModel.swift in Sources */ = {isa = PBXBuildFile; fileRef = 837B88562B06DCB1009E3B4A /* gameViewModel.swift */; };
		837C79672B05635A009410B5 /* signupController.swift in Sources */ = {isa = PBXBuildFile; fileRef = 837C79662B056359009410B5 /* signupController.swift */; };
		837C796B2B056865009410B5 /* avatarController.swift in Sources */ = {isa = PBXBuildFile; fileRef = 837C796A2B056865009410B5 /* avatarController.swift */; };
		83B5F51C2B0D66BD0012FF38 /* negative.mp3 in Resources */ = {isa = PBXBuildFile; fileRef = 83B5F51B2B0D66BD0012FF38 /* negative.mp3 */; };
		83B5F51E2B0D66E70012FF38 /* success.mp3 in Resources */ = {isa = PBXBuildFile; fileRef = 83B5F51D2B0D66E70012FF38 /* success.mp3 */; };
		83B5F5202B0D72AD0012FF38 /* Admin.swift in Sources */ = {isa = PBXBuildFile; fileRef = 83B5F51F2B0D72AD0012FF38 /* Admin.swift */; };
		83B5F5232B0DAE270012FF38 /* preguntaUTableViewCell.swift in Sources */ = {isa = PBXBuildFile; fileRef = 83B5F5212B0DAE270012FF38 /* preguntaUTableViewCell.swift */; };
		83B5F5242B0DAE270012FF38 /* preguntaUTableViewCell.xib in Resources */ = {isa = PBXBuildFile; fileRef = 83B5F5222B0DAE270012FF38 /* preguntaUTableViewCell.xib */; };
		83C3CA172B11108A00A53136 /* restorePassController.swift in Sources */ = {isa = PBXBuildFile; fileRef = 83C3CA162B11108A00A53136 /* restorePassController.swift */; };
		83D4C0932AE1ADC900A8C167 /* AppDelegate.swift in Sources */ = {isa = PBXBuildFile; fileRef = 83D4C0922AE1ADC900A8C167 /* AppDelegate.swift */; };
		83D4C0952AE1ADC900A8C167 /* SceneDelegate.swift in Sources */ = {isa = PBXBuildFile; fileRef = 83D4C0942AE1ADC900A8C167 /* SceneDelegate.swift */; };
		83D4C0972AE1ADC900A8C167 /* loginController.swift in Sources */ = {isa = PBXBuildFile; fileRef = 83D4C0962AE1ADC900A8C167 /* loginController.swift */; };
		83D4C09A2AE1ADC900A8C167 /* Main.storyboard in Resources */ = {isa = PBXBuildFile; fileRef = 83D4C0982AE1ADC900A8C167 /* Main.storyboard */; };
		83D4C09C2AE1ADCB00A8C167 /* Assets.xcassets in Resources */ = {isa = PBXBuildFile; fileRef = 83D4C09B2AE1ADCB00A8C167 /* Assets.xcassets */; };
		83D4C09F2AE1ADCB00A8C167 /* LaunchScreen.storyboard in Resources */ = {isa = PBXBuildFile; fileRef = 83D4C09D2AE1ADCB00A8C167 /* LaunchScreen.storyboard */; };
		83DE67462AFC0AAD00079503 /* profileController.swift in Sources */ = {isa = PBXBuildFile; fileRef = 83DE67452AFC0AAD00079503 /* profileController.swift */; };
		83EEA9FF2AFEC57F00417E1E /* scoreController.swift in Sources */ = {isa = PBXBuildFile; fileRef = 83EEA9FE2AFEC57F00417E1E /* scoreController.swift */; };
		83FD8BA52B06882100F53577 /* admProfileController.swift in Sources */ = {isa = PBXBuildFile; fileRef = 83FD8BA42B06882100F53577 /* admProfileController.swift */; };
		83FD8BA72B06884A00F53577 /* admUploadController.swift in Sources */ = {isa = PBXBuildFile; fileRef = 83FD8BA62B06884A00F53577 /* admUploadController.swift */; };
		83FD8BA92B06886100F53577 /* admEditController.swift in Sources */ = {isa = PBXBuildFile; fileRef = 83FD8BA82B06886100F53577 /* admEditController.swift */; };
		83FD8BAB2B06887800F53577 /* admCrudController.swift in Sources */ = {isa = PBXBuildFile; fileRef = 83FD8BAA2B06887800F53577 /* admCrudController.swift */; };
		83FD8BAD2B0689E800F53577 /* editAvatarController.swift in Sources */ = {isa = PBXBuildFile; fileRef = 83FD8BAC2B0689E800F53577 /* editAvatarController.swift */; };
		83FD8BAF2B068A4100F53577 /* gameController.swift in Sources */ = {isa = PBXBuildFile; fileRef = 83FD8BAE2B068A4100F53577 /* gameController.swift */; };
		83FD8BBE2B06962100F53577 /* FirebaseAuth in Frameworks */ = {isa = PBXBuildFile; productRef = 83FD8BBD2B06962100F53577 /* FirebaseAuth */; };
		83FD8BC02B06962100F53577 /* FirebaseAuthCombine-Community in Frameworks */ = {isa = PBXBuildFile; productRef = 83FD8BBF2B06962100F53577 /* FirebaseAuthCombine-Community */; };
		83FD8BCA2B06962100F53577 /* FirebaseFirestoreCombine-Community in Frameworks */ = {isa = PBXBuildFile; productRef = 83FD8BC92B06962100F53577 /* FirebaseFirestoreCombine-Community */; };
		83FD8BCC2B06962100F53577 /* FirebaseFirestoreSwift in Frameworks */ = {isa = PBXBuildFile; productRef = 83FD8BCB2B06962100F53577 /* FirebaseFirestoreSwift */; };
		83FD8BEF2B069B5300F53577 /* FirebaseFirestore in Frameworks */ = {isa = PBXBuildFile; productRef = 83FD8BEE2B069B5300F53577 /* FirebaseFirestore */; };
		B94D159B2B0AB9E7000A9C2E /* userViewModel.swift in Sources */ = {isa = PBXBuildFile; fileRef = B94D159A2B0AB9E7000A9C2E /* userViewModel.swift */; };
		B94D159D2B0AC24F000A9C2E /* User.swift in Sources */ = {isa = PBXBuildFile; fileRef = B94D159C2B0AC24F000A9C2E /* User.swift */; };
		DA891D192B0EBBE200AA7246 /* end.mp3 in Resources */ = {isa = PBXBuildFile; fileRef = DA891D182B0EBBE200AA7246 /* end.mp3 */; };
		FB0E24902AFD563E003422F5 /* statsController.swift in Sources */ = {isa = PBXBuildFile; fileRef = FB0E248F2AFD563E003422F5 /* statsController.swift */; };
/* End PBXBuildFile section */

/* Begin PBXFileReference section */
		835F00AF2B07FCB200CDD3DB /* Question.swift */ = {isa = PBXFileReference; lastKnownFileType = sourcecode.swift; path = Question.swift; sourceTree = "<group>"; };
		835F00B32B080CA700CDD3DB /* GoogleService-Info.plist */ = {isa = PBXFileReference; fileEncoding = 4; lastKnownFileType = text.plist.xml; path = "GoogleService-Info.plist"; sourceTree = "<group>"; };
		837B88562B06DCB1009E3B4A /* gameViewModel.swift */ = {isa = PBXFileReference; lastKnownFileType = sourcecode.swift; path = gameViewModel.swift; sourceTree = "<group>"; };
		837C79662B056359009410B5 /* signupController.swift */ = {isa = PBXFileReference; lastKnownFileType = sourcecode.swift; path = signupController.swift; sourceTree = "<group>"; };
		837C796A2B056865009410B5 /* avatarController.swift */ = {isa = PBXFileReference; lastKnownFileType = sourcecode.swift; path = avatarController.swift; sourceTree = "<group>"; };
		83B5F51B2B0D66BD0012FF38 /* negative.mp3 */ = {isa = PBXFileReference; lastKnownFileType = audio.mp3; path = negative.mp3; sourceTree = "<group>"; };
		83B5F51D2B0D66E70012FF38 /* success.mp3 */ = {isa = PBXFileReference; lastKnownFileType = audio.mp3; path = success.mp3; sourceTree = "<group>"; };
		83B5F51F2B0D72AD0012FF38 /* Admin.swift */ = {isa = PBXFileReference; lastKnownFileType = sourcecode.swift; path = Admin.swift; sourceTree = "<group>"; };
		83B5F5212B0DAE270012FF38 /* preguntaUTableViewCell.swift */ = {isa = PBXFileReference; lastKnownFileType = sourcecode.swift; path = preguntaUTableViewCell.swift; sourceTree = "<group>"; };
		83B5F5222B0DAE270012FF38 /* preguntaUTableViewCell.xib */ = {isa = PBXFileReference; lastKnownFileType = file.xib; path = preguntaUTableViewCell.xib; sourceTree = "<group>"; };
		83C3CA162B11108A00A53136 /* restorePassController.swift */ = {isa = PBXFileReference; lastKnownFileType = sourcecode.swift; path = restorePassController.swift; sourceTree = "<group>"; };
		83D4C08F2AE1ADC900A8C167 /* redquizzios.app */ = {isa = PBXFileReference; explicitFileType = wrapper.application; includeInIndex = 0; path = redquizzios.app; sourceTree = BUILT_PRODUCTS_DIR; };
		83D4C0922AE1ADC900A8C167 /* AppDelegate.swift */ = {isa = PBXFileReference; lastKnownFileType = sourcecode.swift; path = AppDelegate.swift; sourceTree = "<group>"; };
		83D4C0942AE1ADC900A8C167 /* SceneDelegate.swift */ = {isa = PBXFileReference; lastKnownFileType = sourcecode.swift; path = SceneDelegate.swift; sourceTree = "<group>"; };
		83D4C0962AE1ADC900A8C167 /* loginController.swift */ = {isa = PBXFileReference; lastKnownFileType = sourcecode.swift; path = loginController.swift; sourceTree = "<group>"; };
		83D4C0992AE1ADC900A8C167 /* Base */ = {isa = PBXFileReference; lastKnownFileType = file.storyboard; name = Base; path = Base.lproj/Main.storyboard; sourceTree = "<group>"; };
		83D4C09B2AE1ADCB00A8C167 /* Assets.xcassets */ = {isa = PBXFileReference; lastKnownFileType = folder.assetcatalog; path = Assets.xcassets; sourceTree = "<group>"; };
		83D4C09E2AE1ADCB00A8C167 /* Base */ = {isa = PBXFileReference; lastKnownFileType = file.storyboard; name = Base; path = Base.lproj/LaunchScreen.storyboard; sourceTree = "<group>"; };
		83D4C0A02AE1ADCB00A8C167 /* Info.plist */ = {isa = PBXFileReference; lastKnownFileType = text.plist.xml; path = Info.plist; sourceTree = "<group>"; };
		83DE67452AFC0AAD00079503 /* profileController.swift */ = {isa = PBXFileReference; lastKnownFileType = sourcecode.swift; path = profileController.swift; sourceTree = "<group>"; };
		83EEA9FE2AFEC57F00417E1E /* scoreController.swift */ = {isa = PBXFileReference; lastKnownFileType = sourcecode.swift; name = scoreController.swift; path = ../scoreController.swift; sourceTree = "<group>"; };
		83FD8BA42B06882100F53577 /* admProfileController.swift */ = {isa = PBXFileReference; lastKnownFileType = sourcecode.swift; path = admProfileController.swift; sourceTree = "<group>"; };
		83FD8BA62B06884A00F53577 /* admUploadController.swift */ = {isa = PBXFileReference; lastKnownFileType = sourcecode.swift; path = admUploadController.swift; sourceTree = "<group>"; };
		83FD8BA82B06886100F53577 /* admEditController.swift */ = {isa = PBXFileReference; lastKnownFileType = sourcecode.swift; path = admEditController.swift; sourceTree = "<group>"; };
		83FD8BAA2B06887800F53577 /* admCrudController.swift */ = {isa = PBXFileReference; lastKnownFileType = sourcecode.swift; path = admCrudController.swift; sourceTree = "<group>"; };
		83FD8BAC2B0689E800F53577 /* editAvatarController.swift */ = {isa = PBXFileReference; lastKnownFileType = sourcecode.swift; path = editAvatarController.swift; sourceTree = "<group>"; };
		83FD8BAE2B068A4100F53577 /* gameController.swift */ = {isa = PBXFileReference; lastKnownFileType = sourcecode.swift; path = gameController.swift; sourceTree = "<group>"; };
		B94D159A2B0AB9E7000A9C2E /* userViewModel.swift */ = {isa = PBXFileReference; lastKnownFileType = sourcecode.swift; path = userViewModel.swift; sourceTree = "<group>"; };
		B94D159C2B0AC24F000A9C2E /* User.swift */ = {isa = PBXFileReference; lastKnownFileType = sourcecode.swift; path = User.swift; sourceTree = "<group>"; };
		DA891D182B0EBBE200AA7246 /* end.mp3 */ = {isa = PBXFileReference; lastKnownFileType = audio.mp3; path = end.mp3; sourceTree = "<group>"; };
		FB0E248F2AFD563E003422F5 /* statsController.swift */ = {isa = PBXFileReference; lastKnownFileType = sourcecode.swift; path = statsController.swift; sourceTree = "<group>"; };
/* End PBXFileReference section */

/* Begin PBXFrameworksBuildPhase section */
		83D4C08C2AE1ADC900A8C167 /* Frameworks */ = {
			isa = PBXFrameworksBuildPhase;
			buildActionMask = 2147483647;
			files = (
				83FD8BCA2B06962100F53577 /* FirebaseFirestoreCombine-Community in Frameworks */,
				83FD8BEF2B069B5300F53577 /* FirebaseFirestore in Frameworks */,
				83FD8BCC2B06962100F53577 /* FirebaseFirestoreSwift in Frameworks */,
				83FD8BBE2B06962100F53577 /* FirebaseAuth in Frameworks */,
				83FD8BC02B06962100F53577 /* FirebaseAuthCombine-Community in Frameworks */,
			);
			runOnlyForDeploymentPostprocessing = 0;
		};
/* End PBXFrameworksBuildPhase section */

/* Begin PBXGroup section */
		83D4C0862AE1ADC900A8C167 = {
			isa = PBXGroup;
			children = (
				83D4C0912AE1ADC900A8C167 /* redquizzios */,
				83D4C0902AE1ADC900A8C167 /* Products */,
				83FD8BE52B069B5300F53577 /* Frameworks */,
			);
			sourceTree = "<group>";
		};
		83D4C0902AE1ADC900A8C167 /* Products */ = {
			isa = PBXGroup;
			children = (
				83D4C08F2AE1ADC900A8C167 /* redquizzios.app */,
			);
			name = Products;
			sourceTree = "<group>";
		};
		83D4C0912AE1ADC900A8C167 /* redquizzios */ = {
			isa = PBXGroup;
			children = (
				83FD8BAE2B068A4100F53577 /* gameController.swift */,
				83FD8BAA2B06887800F53577 /* admCrudController.swift */,
				83FD8BA62B06884A00F53577 /* admUploadController.swift */,
				83C3CA162B11108A00A53136 /* restorePassController.swift */,
				83FD8BA42B06882100F53577 /* admProfileController.swift */,
				83FD8BA82B06886100F53577 /* admEditController.swift */,
				837C796A2B056865009410B5 /* avatarController.swift */,
				83FD8BAC2B0689E800F53577 /* editAvatarController.swift */,
				83EEA9FE2AFEC57F00417E1E /* scoreController.swift */,
				FB0E248F2AFD563E003422F5 /* statsController.swift */,
				83DE67452AFC0AAD00079503 /* profileController.swift */,
				83D4C0962AE1ADC900A8C167 /* loginController.swift */,
				837C79662B056359009410B5 /* signupController.swift */,
				83D4C0922AE1ADC900A8C167 /* AppDelegate.swift */,
				83B5F5212B0DAE270012FF38 /* preguntaUTableViewCell.swift */,
				83B5F5222B0DAE270012FF38 /* preguntaUTableViewCell.xib */,
				83D4C0942AE1ADC900A8C167 /* SceneDelegate.swift */,
				B94D159C2B0AC24F000A9C2E /* User.swift */,
				835F00AF2B07FCB200CDD3DB /* Question.swift */,
				83B5F51F2B0D72AD0012FF38 /* Admin.swift */,
				837B88562B06DCB1009E3B4A /* gameViewModel.swift */,
				B94D159A2B0AB9E7000A9C2E /* userViewModel.swift */,
				83D4C0982AE1ADC900A8C167 /* Main.storyboard */,
				83D4C09B2AE1ADCB00A8C167 /* Assets.xcassets */,
				DA891D182B0EBBE200AA7246 /* end.mp3 */,
				83B5F51D2B0D66E70012FF38 /* success.mp3 */,
				83B5F51B2B0D66BD0012FF38 /* negative.mp3 */,
				83D4C09D2AE1ADCB00A8C167 /* LaunchScreen.storyboard */,
				83D4C0A02AE1ADCB00A8C167 /* Info.plist */,
				835F00B32B080CA700CDD3DB /* GoogleService-Info.plist */,
			);
			path = redquizzios;
			sourceTree = "<group>";
		};
		83FD8BE52B069B5300F53577 /* Frameworks */ = {
			isa = PBXGroup;
			children = (
			);
			name = Frameworks;
			sourceTree = "<group>";
		};
/* End PBXGroup section */

/* Begin PBXNativeTarget section */
		83D4C08E2AE1ADC900A8C167 /* redquizzios */ = {
			isa = PBXNativeTarget;
			buildConfigurationList = 83D4C0A32AE1ADCB00A8C167 /* Build configuration list for PBXNativeTarget "redquizzios" */;
			buildPhases = (
				83D4C08B2AE1ADC900A8C167 /* Sources */,
				83D4C08C2AE1ADC900A8C167 /* Frameworks */,
				83D4C08D2AE1ADC900A8C167 /* Resources */,
			);
			buildRules = (
			);
			dependencies = (
			);
			name = redquizzios;
			packageProductDependencies = (
				83FD8BBD2B06962100F53577 /* FirebaseAuth */,
				83FD8BBF2B06962100F53577 /* FirebaseAuthCombine-Community */,
				83FD8BC92B06962100F53577 /* FirebaseFirestoreCombine-Community */,
				83FD8BCB2B06962100F53577 /* FirebaseFirestoreSwift */,
				83FD8BEE2B069B5300F53577 /* FirebaseFirestore */,
			);
			productName = redquizzios;
			productReference = 83D4C08F2AE1ADC900A8C167 /* redquizzios.app */;
			productType = "com.apple.product-type.application";
		};
/* End PBXNativeTarget section */

/* Begin PBXProject section */
		83D4C0872AE1ADC900A8C167 /* Project object */ = {
			isa = PBXProject;
			attributes = {
				BuildIndependentTargetsInParallel = 1;
				LastSwiftUpdateCheck = 1500;
				LastUpgradeCheck = 1500;
				TargetAttributes = {
					83D4C08E2AE1ADC900A8C167 = {
						CreatedOnToolsVersion = 15.0;
					};
				};
			};
			buildConfigurationList = 83D4C08A2AE1ADC900A8C167 /* Build configuration list for PBXProject "redquizzios" */;
			compatibilityVersion = "Xcode 14.0";
			developmentRegion = en;
			hasScannedForEncodings = 0;
			knownRegions = (
				en,
				Base,
			);
			mainGroup = 83D4C0862AE1ADC900A8C167;
			packageReferences = (
				83FD8BB02B06962100F53577 /* XCRemoteSwiftPackageReference "firebase-ios-sdk" */,
			);
			productRefGroup = 83D4C0902AE1ADC900A8C167 /* Products */;
			projectDirPath = "";
			projectRoot = "";
			targets = (
				83D4C08E2AE1ADC900A8C167 /* redquizzios */,
			);
		};
/* End PBXProject section */

/* Begin PBXResourcesBuildPhase section */
		83D4C08D2AE1ADC900A8C167 /* Resources */ = {
			isa = PBXResourcesBuildPhase;
			buildActionMask = 2147483647;
			files = (
				DA891D192B0EBBE200AA7246 /* end.mp3 in Resources */,
				83B5F51C2B0D66BD0012FF38 /* negative.mp3 in Resources */,
				83B5F5242B0DAE270012FF38 /* preguntaUTableViewCell.xib in Resources */,
				83D4C09F2AE1ADCB00A8C167 /* LaunchScreen.storyboard in Resources */,
				835F00B42B080CA700CDD3DB /* GoogleService-Info.plist in Resources */,
				83D4C09C2AE1ADCB00A8C167 /* Assets.xcassets in Resources */,
				83B5F51E2B0D66E70012FF38 /* success.mp3 in Resources */,
				83D4C09A2AE1ADC900A8C167 /* Main.storyboard in Resources */,
			);
			runOnlyForDeploymentPostprocessing = 0;
		};
/* End PBXResourcesBuildPhase section */

/* Begin PBXSourcesBuildPhase section */
		83D4C08B2AE1ADC900A8C167 /* Sources */ = {
			isa = PBXSourcesBuildPhase;
			buildActionMask = 2147483647;
			files = (
				837B88572B06DCB1009E3B4A /* gameViewModel.swift in Sources */,
				837C796B2B056865009410B5 /* avatarController.swift in Sources */,
				83FD8BAF2B068A4100F53577 /* gameController.swift in Sources */,
				83B5F5202B0D72AD0012FF38 /* Admin.swift in Sources */,
				835F00B02B07FCB200CDD3DB /* Question.swift in Sources */,
				83C3CA172B11108A00A53136 /* restorePassController.swift in Sources */,
				83D4C0972AE1ADC900A8C167 /* loginController.swift in Sources */,
				83D4C0932AE1ADC900A8C167 /* AppDelegate.swift in Sources */,
				837C79672B05635A009410B5 /* signupController.swift in Sources */,
				83B5F5232B0DAE270012FF38 /* preguntaUTableViewCell.swift in Sources */,
				83EEA9FF2AFEC57F00417E1E /* scoreController.swift in Sources */,
				83D4C0952AE1ADC900A8C167 /* SceneDelegate.swift in Sources */,
				83DE67462AFC0AAD00079503 /* profileController.swift in Sources */,
				83FD8BA52B06882100F53577 /* admProfileController.swift in Sources */,
				FB0E24902AFD563E003422F5 /* statsController.swift in Sources */,
				83FD8BA92B06886100F53577 /* admEditController.swift in Sources */,
				B94D159B2B0AB9E7000A9C2E /* userViewModel.swift in Sources */,
				83FD8BAB2B06887800F53577 /* admCrudController.swift in Sources */,
				83FD8BAD2B0689E800F53577 /* editAvatarController.swift in Sources */,
				83FD8BA72B06884A00F53577 /* admUploadController.swift in Sources */,
				B94D159D2B0AC24F000A9C2E /* User.swift in Sources */,
			);
			runOnlyForDeploymentPostprocessing = 0;
		};
/* End PBXSourcesBuildPhase section */

/* Begin PBXVariantGroup section */
		83D4C0982AE1ADC900A8C167 /* Main.storyboard */ = {
			isa = PBXVariantGroup;
			children = (
				83D4C0992AE1ADC900A8C167 /* Base */,
			);
			name = Main.storyboard;
			sourceTree = "<group>";
		};
		83D4C09D2AE1ADCB00A8C167 /* LaunchScreen.storyboard */ = {
			isa = PBXVariantGroup;
			children = (
				83D4C09E2AE1ADCB00A8C167 /* Base */,
			);
			name = LaunchScreen.storyboard;
			sourceTree = "<group>";
		};
/* End PBXVariantGroup section */

/* Begin XCBuildConfiguration section */
		83D4C0A12AE1ADCB00A8C167 /* Debug */ = {
			isa = XCBuildConfiguration;
			buildSettings = {
				ALWAYS_SEARCH_USER_PATHS = NO;
				ASSETCATALOG_COMPILER_GENERATE_SWIFT_ASSET_SYMBOL_EXTENSIONS = YES;
				CLANG_ANALYZER_NONNULL = YES;
				CLANG_ANALYZER_NUMBER_OBJECT_CONVERSION = YES_AGGRESSIVE;
				CLANG_CXX_LANGUAGE_STANDARD = "gnu++20";
				CLANG_ENABLE_MODULES = YES;
				CLANG_ENABLE_OBJC_ARC = YES;
				CLANG_ENABLE_OBJC_WEAK = YES;
				CLANG_WARN_BLOCK_CAPTURE_AUTORELEASING = YES;
				CLANG_WARN_BOOL_CONVERSION = YES;
				CLANG_WARN_COMMA = YES;
				CLANG_WARN_CONSTANT_CONVERSION = YES;
				CLANG_WARN_DEPRECATED_OBJC_IMPLEMENTATIONS = YES;
				CLANG_WARN_DIRECT_OBJC_ISA_USAGE = YES_ERROR;
				CLANG_WARN_DOCUMENTATION_COMMENTS = YES;
				CLANG_WARN_EMPTY_BODY = YES;
				CLANG_WARN_ENUM_CONVERSION = YES;
				CLANG_WARN_INFINITE_RECURSION = YES;
				CLANG_WARN_INT_CONVERSION = YES;
				CLANG_WARN_NON_LITERAL_NULL_CONVERSION = YES;
				CLANG_WARN_OBJC_IMPLICIT_RETAIN_SELF = YES;
				CLANG_WARN_OBJC_LITERAL_CONVERSION = YES;
				CLANG_WARN_OBJC_ROOT_CLASS = YES_ERROR;
				CLANG_WARN_QUOTED_INCLUDE_IN_FRAMEWORK_HEADER = YES;
				CLANG_WARN_RANGE_LOOP_ANALYSIS = YES;
				CLANG_WARN_STRICT_PROTOTYPES = YES;
				CLANG_WARN_SUSPICIOUS_MOVE = YES;
				CLANG_WARN_UNGUARDED_AVAILABILITY = YES_AGGRESSIVE;
				CLANG_WARN_UNREACHABLE_CODE = YES;
				CLANG_WARN__DUPLICATE_METHOD_MATCH = YES;
				COPY_PHASE_STRIP = NO;
				DEBUG_INFORMATION_FORMAT = dwarf;
				ENABLE_STRICT_OBJC_MSGSEND = YES;
				ENABLE_TESTABILITY = YES;
				ENABLE_USER_SCRIPT_SANDBOXING = YES;
				GCC_C_LANGUAGE_STANDARD = gnu17;
				GCC_DYNAMIC_NO_PIC = NO;
				GCC_NO_COMMON_BLOCKS = YES;
				GCC_OPTIMIZATION_LEVEL = 0;
				GCC_PREPROCESSOR_DEFINITIONS = (
					"DEBUG=1",
					"$(inherited)",
				);
				GCC_WARN_64_TO_32_BIT_CONVERSION = YES;
				GCC_WARN_ABOUT_RETURN_TYPE = YES_ERROR;
				GCC_WARN_UNDECLARED_SELECTOR = YES;
				GCC_WARN_UNINITIALIZED_AUTOS = YES_AGGRESSIVE;
				GCC_WARN_UNUSED_FUNCTION = YES;
				GCC_WARN_UNUSED_VARIABLE = YES;
				IPHONEOS_DEPLOYMENT_TARGET = 17.0;
				LOCALIZATION_PREFERS_STRING_CATALOGS = YES;
				MTL_ENABLE_DEBUG_INFO = INCLUDE_SOURCE;
				MTL_FAST_MATH = YES;
				ONLY_ACTIVE_ARCH = YES;
				SDKROOT = iphoneos;
				SWIFT_ACTIVE_COMPILATION_CONDITIONS = "DEBUG $(inherited)";
				SWIFT_OPTIMIZATION_LEVEL = "-Onone";
			};
			name = Debug;
		};
		83D4C0A22AE1ADCB00A8C167 /* Release */ = {
			isa = XCBuildConfiguration;
			buildSettings = {
				ALWAYS_SEARCH_USER_PATHS = NO;
				ASSETCATALOG_COMPILER_GENERATE_SWIFT_ASSET_SYMBOL_EXTENSIONS = YES;
				CLANG_ANALYZER_NONNULL = YES;
				CLANG_ANALYZER_NUMBER_OBJECT_CONVERSION = YES_AGGRESSIVE;
				CLANG_CXX_LANGUAGE_STANDARD = "gnu++20";
				CLANG_ENABLE_MODULES = YES;
				CLANG_ENABLE_OBJC_ARC = YES;
				CLANG_ENABLE_OBJC_WEAK = YES;
				CLANG_WARN_BLOCK_CAPTURE_AUTORELEASING = YES;
				CLANG_WARN_BOOL_CONVERSION = YES;
				CLANG_WARN_COMMA = YES;
				CLANG_WARN_CONSTANT_CONVERSION = YES;
				CLANG_WARN_DEPRECATED_OBJC_IMPLEMENTATIONS = YES;
				CLANG_WARN_DIRECT_OBJC_ISA_USAGE = YES_ERROR;
				CLANG_WARN_DOCUMENTATION_COMMENTS = YES;
				CLANG_WARN_EMPTY_BODY = YES;
				CLANG_WARN_ENUM_CONVERSION = YES;
				CLANG_WARN_INFINITE_RECURSION = YES;
				CLANG_WARN_INT_CONVERSION = YES;
				CLANG_WARN_NON_LITERAL_NULL_CONVERSION = YES;
				CLANG_WARN_OBJC_IMPLICIT_RETAIN_SELF = YES;
				CLANG_WARN_OBJC_LITERAL_CONVERSION = YES;
				CLANG_WARN_OBJC_ROOT_CLASS = YES_ERROR;
				CLANG_WARN_QUOTED_INCLUDE_IN_FRAMEWORK_HEADER = YES;
				CLANG_WARN_RANGE_LOOP_ANALYSIS = YES;
				CLANG_WARN_STRICT_PROTOTYPES = YES;
				CLANG_WARN_SUSPICIOUS_MOVE = YES;
				CLANG_WARN_UNGUARDED_AVAILABILITY = YES_AGGRESSIVE;
				CLANG_WARN_UNREACHABLE_CODE = YES;
				CLANG_WARN__DUPLICATE_METHOD_MATCH = YES;
				COPY_PHASE_STRIP = NO;
				DEBUG_INFORMATION_FORMAT = "dwarf-with-dsym";
				ENABLE_NS_ASSERTIONS = NO;
				ENABLE_STRICT_OBJC_MSGSEND = YES;
				ENABLE_USER_SCRIPT_SANDBOXING = YES;
				GCC_C_LANGUAGE_STANDARD = gnu17;
				GCC_NO_COMMON_BLOCKS = YES;
				GCC_WARN_64_TO_32_BIT_CONVERSION = YES;
				GCC_WARN_ABOUT_RETURN_TYPE = YES_ERROR;
				GCC_WARN_UNDECLARED_SELECTOR = YES;
				GCC_WARN_UNINITIALIZED_AUTOS = YES_AGGRESSIVE;
				GCC_WARN_UNUSED_FUNCTION = YES;
				GCC_WARN_UNUSED_VARIABLE = YES;
				IPHONEOS_DEPLOYMENT_TARGET = 17.0;
				LOCALIZATION_PREFERS_STRING_CATALOGS = YES;
				MTL_ENABLE_DEBUG_INFO = NO;
				MTL_FAST_MATH = YES;
				SDKROOT = iphoneos;
				SWIFT_COMPILATION_MODE = wholemodule;
				VALIDATE_PRODUCT = YES;
			};
			name = Release;
		};
		83D4C0A42AE1ADCB00A8C167 /* Debug */ = {
			isa = XCBuildConfiguration;
			buildSettings = {
				ASSETCATALOG_COMPILER_APPICON_NAME = AppIcon;
				ASSETCATALOG_COMPILER_GLOBAL_ACCENT_COLOR_NAME = AccentColor;
				CODE_SIGN_STYLE = Automatic;
				CURRENT_PROJECT_VERSION = 1;
				DEVELOPMENT_TEAM = S97ZUK2FQ6;
				GENERATE_INFOPLIST_FILE = YES;
				INFOPLIST_FILE = redquizzios/Info.plist;
				INFOPLIST_KEY_UIApplicationSupportsIndirectInputEvents = YES;
				INFOPLIST_KEY_UILaunchStoryboardName = LaunchScreen;
				INFOPLIST_KEY_UIMainStoryboardFile = Main;
				INFOPLIST_KEY_UISupportedInterfaceOrientations = "UIInterfaceOrientationPortrait UIInterfaceOrientationPortraitUpsideDown";
				IPHONEOS_DEPLOYMENT_TARGET = 14.7;
				LD_RUNPATH_SEARCH_PATHS = (
					"$(inherited)",
					"@executable_path/Frameworks",
				);
				MARKETING_VERSION = 1.0;
				PRODUCT_BUNDLE_IDENTIFIER = mx.tec.a01736671.redquizios;
				PRODUCT_NAME = "$(TARGET_NAME)";
				SWIFT_EMIT_LOC_STRINGS = YES;
				SWIFT_VERSION = 5.0;
				TARGETED_DEVICE_FAMILY = "1,2";
			};
			name = Debug;
		};
		83D4C0A52AE1ADCB00A8C167 /* Release */ = {
			isa = XCBuildConfiguration;
			buildSettings = {
				ASSETCATALOG_COMPILER_APPICON_NAME = AppIcon;
				ASSETCATALOG_COMPILER_GLOBAL_ACCENT_COLOR_NAME = AccentColor;
				CODE_SIGN_STYLE = Automatic;
				CURRENT_PROJECT_VERSION = 1;
				DEVELOPMENT_TEAM = S97ZUK2FQ6;
				GENERATE_INFOPLIST_FILE = YES;
				INFOPLIST_FILE = redquizzios/Info.plist;
				INFOPLIST_KEY_UIApplicationSupportsIndirectInputEvents = YES;
				INFOPLIST_KEY_UILaunchStoryboardName = LaunchScreen;
				INFOPLIST_KEY_UIMainStoryboardFile = Main;
				INFOPLIST_KEY_UISupportedInterfaceOrientations = "UIInterfaceOrientationPortrait UIInterfaceOrientationPortraitUpsideDown";
				IPHONEOS_DEPLOYMENT_TARGET = 14.7;
				LD_RUNPATH_SEARCH_PATHS = (
					"$(inherited)",
					"@executable_path/Frameworks",
				);
				MARKETING_VERSION = 1.0;
				PRODUCT_BUNDLE_IDENTIFIER = mx.tec.a01736671.redquizios;
				PRODUCT_NAME = "$(TARGET_NAME)";
				SWIFT_EMIT_LOC_STRINGS = YES;
				SWIFT_VERSION = 5.0;
				TARGETED_DEVICE_FAMILY = "1,2";
			};
			name = Release;
		};
/* End XCBuildConfiguration section */

/* Begin XCConfigurationList section */
		83D4C08A2AE1ADC900A8C167 /* Build configuration list for PBXProject "redquizzios" */ = {
			isa = XCConfigurationList;
			buildConfigurations = (
				83D4C0A12AE1ADCB00A8C167 /* Debug */,
				83D4C0A22AE1ADCB00A8C167 /* Release */,
			);
			defaultConfigurationIsVisible = 0;
			defaultConfigurationName = Release;
		};
		83D4C0A32AE1ADCB00A8C167 /* Build configuration list for PBXNativeTarget "redquizzios" */ = {
			isa = XCConfigurationList;
			buildConfigurations = (
				83D4C0A42AE1ADCB00A8C167 /* Debug */,
				83D4C0A52AE1ADCB00A8C167 /* Release */,
			);
			defaultConfigurationIsVisible = 0;
			defaultConfigurationName = Release;
		};
/* End XCConfigurationList section */

/* Begin XCRemoteSwiftPackageReference section */
		83FD8BB02B06962100F53577 /* XCRemoteSwiftPackageReference "firebase-ios-sdk" */ = {
			isa = XCRemoteSwiftPackageReference;
			repositoryURL = "https://github.com/firebase/firebase-ios-sdk";
			requirement = {
				kind = upToNextMajorVersion;
				minimumVersion = 10.18.0;
			};
		};
/* End XCRemoteSwiftPackageReference section */

/* Begin XCSwiftPackageProductDependency section */
		83FD8BBD2B06962100F53577 /* FirebaseAuth */ = {
			isa = XCSwiftPackageProductDependency;
			package = 83FD8BB02B06962100F53577 /* XCRemoteSwiftPackageReference "firebase-ios-sdk" */;
			productName = FirebaseAuth;
		};
		83FD8BBF2B06962100F53577 /* FirebaseAuthCombine-Community */ = {
			isa = XCSwiftPackageProductDependency;
			package = 83FD8BB02B06962100F53577 /* XCRemoteSwiftPackageReference "firebase-ios-sdk" */;
			productName = "FirebaseAuthCombine-Community";
		};
		83FD8BC92B06962100F53577 /* FirebaseFirestoreCombine-Community */ = {
			isa = XCSwiftPackageProductDependency;
			package = 83FD8BB02B06962100F53577 /* XCRemoteSwiftPackageReference "firebase-ios-sdk" */;
			productName = "FirebaseFirestoreCombine-Community";
		};
		83FD8BCB2B06962100F53577 /* FirebaseFirestoreSwift */ = {
			isa = XCSwiftPackageProductDependency;
			package = 83FD8BB02B06962100F53577 /* XCRemoteSwiftPackageReference "firebase-ios-sdk" */;
			productName = FirebaseFirestoreSwift;
		};
		83FD8BEE2B069B5300F53577 /* FirebaseFirestore */ = {
			isa = XCSwiftPackageProductDependency;
			package = 83FD8BB02B06962100F53577 /* XCRemoteSwiftPackageReference "firebase-ios-sdk" */;
			productName = FirebaseFirestore;
		};
/* End XCSwiftPackageProductDependency section */
	};
	rootObject = 83D4C0872AE1ADC900A8C167 /* Project object */;
}
